
Microsoft Visual Studio Solution File, Format Version 12.00
# Visual Studio Version 17
VisualStudioVersion = 17.0.31919.166
MinimumVisualStudioVersion = 10.0.40219.1
Project("{9A19103F-16F7-4668-BE54-9A1E7A4F7556}") = "MSFSPopoutPanelManager", "MSFSPopoutPanelManager.csproj", "{1E89B7B3-DBD9-4644-A0EB-26924317DD83}"
EndProject
Global
	GlobalSection(SolutionConfigurationPlatforms) = preSolution
		Debug|x64 = Debug|x64
		Release|x64 = Release|x64
	EndGlobalSection
	GlobalSection(ProjectConfigurationPlatforms) = postSolution
		{1E89B7B3-DBD9-4644-A0EB-26924317DD83}.Debug|x64.ActiveCfg = Debug|x64
		{1E89B7B3-DBD9-4644-A0EB-26924317DD83}.Debug|x64.Build.0 = Debug|x64
		{1E89B7B3-DBD9-4644-A0EB-26924317DD83}.Release|x64.ActiveCfg = Release|x64
		{1E89B7B3-DBD9-4644-A0EB-26924317DD83}.Release|x64.Build.0 = Release|x64
	EndGlobalSection
	GlobalSection(SolutionProperties) = preSolution
		HideSolutionNode = FALSE
	EndGlobalSection
	GlobalSection(ExtensibilityGlobals) = postSolution
		SolutionGuid = {D1607553-61E8-4ED6-B382-ABA6F6944586}
	EndGlobalSection
EndGlobal
